PODS:
  - HRLAlgorithms (0.1.2)
  - HRLEngine (0.1.0):
    - HRLAlgorithms (~> 0.1)

DEPENDENCIES:
  - HRLEngine (from `../`)

EXTERNAL SOURCES:
  HRLEngine:
    :path: "../"

SPEC CHECKSUMS:
  HRLAlgorithms: bf51dce2d5998ea384efb161be31343c64c13ca3
  HRLEngine: dcbf257167903e7ba44fff6a76c69256164ea287

PODFILE CHECKSUM: 818fa95b8a33c5d2d8d674e23fb58e498acaa298

COCOAPODS: 1.1.1
